
Microsoft Visual Studio Solution File, Format Version 12.00
# Visual Studio Express 2012 for Web
Project("{FAE04EC0-301F-11D3-BF4B-00C04F79EFBC}") = "TTF", "TTF\TTF.csproj", "{AD7DABB4-D4DE-4FE2-B7FA-3D0A64CC3DEA}"
EndProject
Global
	GlobalSection(SolutionConfigurationPlatforms) = preSolution
		Debug|Any CPU = Debug|Any CPU
		Release|Any CPU = Release|Any CPU
	EndGlobalSection
	GlobalSection(ProjectConfigurationPlatforms) = postSolution
		{AD7DABB4-D4DE-4FE2-B7FA-3D0A64CC3DEA}.Debug|Any CPU.ActiveCfg = Debug|Any CPU
		{AD7DABB4-D4DE-4FE2-B7FA-3D0A64CC3DEA}.Debug|Any CPU.Build.0 = Debug|Any CPU
		{AD7DABB4-D4DE-4FE2-B7FA-3D0A64CC3DEA}.Release|Any CPU.ActiveCfg = Release|Any CPU
		{AD7DABB4-D4DE-4FE2-B7FA-3D0A64CC3DEA}.Release|Any CPU.Build.0 = Release|Any CPU
	EndGlobalSection
	GlobalSection(SolutionProperties) = preSolution
		HideSolutionNode = FALSE
	EndGlobalSection
EndGlobal
